// !$*UTF8*$!
{
	archiveVersion = 1;
	classes = {
	};
	objectVersion = 77;
	objects = {

/* Begin PBXBuildFile section */
		13EF6FFC169CB6EDFF47597E /* Assets.xcassets in Resources */ = {isa = PBXBuildFile; fileRef = 2A8249A9765412039C07EDD5 /* Assets.xcassets */; };
		1A4F6B9C2D7E8F9012345678 /* ShareTechMono-Regular.ttf in Resources */ = {isa = PBXBuildFile; fileRef = 1A4F6B9C2D7E8F9012345676 /* ShareTechMono-Regular.ttf */; };
		1A4F6B9C2D7E8F9012345679 /* OFL-ShareTechMono.txt in Resources */ = {isa = PBXBuildFile; fileRef = 1A4F6B9C2D7E8F9012345677 /* OFL-ShareTechMono.txt */; };
		1FFF04D1B747F5A964BC374B /* SurfAceANSI.swift in Sources */ = {isa = PBXBuildFile; fileRef = 71D9F8594AC862ED7A307F3B /* SurfAceANSI.swift */; };
		2F01C4F42B42A75F5F038A8E /* SurfAceViewportPreservationTests.swift in Sources */ = {isa = PBXBuildFile; fileRef = 2F01C4F32B42A75F5F038A8E /* SurfAceViewportPreservationTests.swift */; };
		4A276F1C4C06E696FCA8D872 /* SurfAceBonjourPublisherTests.swift in Sources */ = {isa = PBXBuildFile; fileRef = 856099927C9D1E8B57CB1A1D /* SurfAceBonjourPublisherTests.swift */; };
		5964DDDD0A9B7A881AECDA0C /* SurfAceModels.swift in Sources */ = {isa = PBXBuildFile; fileRef = C230CE2F392C57A940FD796E /* SurfAceModels.swift */; };
		6661F25504963451BE3CE25C /* SurfAceRuntime.swift in Sources */ = {isa = PBXBuildFile; fileRef = E4B325903F9DF85A2A43F894 /* SurfAceRuntime.swift */; };
		72B46388216FEB0A75BE1771 /* SurfAceSurfaceTopologyPersistenceTests.swift in Sources */ = {isa = PBXBuildFile; fileRef = B686887B1553129CAEF435A0 /* SurfAceSurfaceTopologyPersistenceTests.swift */; };
		7440C200D139A9CDEB4071DA /* SurfAceBonjourPublisher.swift in Sources */ = {isa = PBXBuildFile; fileRef = 7492DB245E3F5CC7F5C167D7 /* SurfAceBonjourPublisher.swift */; };
		78FE925CC623EE70BD36510C /* SurfAceSurfaceView.swift in Sources */ = {isa = PBXBuildFile; fileRef = 4DB2FB59A2CE6B12EA9C8DFC /* SurfAceSurfaceView.swift */; };
		8E6FB2414CFB46518AF12A34 /* LaunchScreen.storyboard in Resources */ = {isa = PBXBuildFile; fileRef = 8E6FB2404CFB46518AF12A34 /* LaunchScreen.storyboard */; };
		AB13C11EA76DDA755EEEED0A /* SurfAceApp.swift in Sources */ = {isa = PBXBuildFile; fileRef = F2784DA9AA6EDF0F02BA9D4A /* SurfAceApp.swift */; };
		B8B3B9200301ABE819FC7EEF /* SurfAceHTTPServerTests.swift in Sources */ = {isa = PBXBuildFile; fileRef = 176B99B74BDA8681EC051935 /* SurfAceHTTPServerTests.swift */; };
		D615F803FC49278657471A62 /* SurfAceIdentityStore.swift in Sources */ = {isa = PBXBuildFile; fileRef = 314635F00EEBB824B28F7975 /* SurfAceIdentityStore.swift */; };
		E2B2E9631F0835BD39E2B839 /* SurfAceHTTPServer.swift in Sources */ = {isa = PBXBuildFile; fileRef = AAE8EE944BF4E02E52D2FF6A /* SurfAceHTTPServer.swift */; };
/* End PBXBuildFile section */

/* Begin PBXContainerItemProxy section */
		1DB5F752E8413BF0CF2234E7 /* PBXContainerItemProxy */ = {
			isa = PBXContainerItemProxy;
			containerPortal = 27A23E2B5424EC1D613A125D /* Project object */;
			proxyType = 1;
			remoteGlobalIDString = E78D6E7B48D8F200079A1C31;
			remoteInfo = SurfAce;
		};
/* End PBXContainerItemProxy section */

/* Begin PBXFileReference section */
		176B99B74BDA8681EC051935 /* SurfAceHTTPServerTests.swift */ = {isa = PBXFileReference; lastKnownFileType = sourcecode.swift; path = SurfAceHTTPServerTests.swift; sourceTree = "<group>"; };
		1A4F6B9C2D7E8F9012345676 /* ShareTechMono-Regular.ttf */ = {isa = PBXFileReference; lastKnownFileType = file; path = "ShareTechMono-Regular.ttf"; sourceTree = "<group>"; };
		1A4F6B9C2D7E8F9012345677 /* OFL-ShareTechMono.txt */ = {isa = PBXFileReference; lastKnownFileType = text; path = "OFL-ShareTechMono.txt"; sourceTree = "<group>"; };
		2A8249A9765412039C07EDD5 /* Assets.xcassets */ = {isa = PBXFileReference; lastKnownFileType = folder.assetcatalog; path = Assets.xcassets; sourceTree = "<group>"; };
		2F01C4F32B42A75F5F038A8E /* SurfAceViewportPreservationTests.swift */ = {isa = PBXFileReference; lastKnownFileType = sourcecode.swift; path = SurfAceViewportPreservationTests.swift; sourceTree = "<group>"; };
		314635F00EEBB824B28F7975 /* SurfAceIdentityStore.swift */ = {isa = PBXFileReference; lastKnownFileType = sourcecode.swift; path = SurfAceIdentityStore.swift; sourceTree = "<group>"; };
		4DB2FB59A2CE6B12EA9C8DFC /* SurfAceSurfaceView.swift */ = {isa = PBXFileReference; lastKnownFileType = sourcecode.swift; path = SurfAceSurfaceView.swift; sourceTree = "<group>"; };
		856099927C9D1E8B57CB1A1D /* SurfAceBonjourPublisherTests.swift */ = {isa = PBXFileReference; lastKnownFileType = sourcecode.swift; path = SurfAceBonjourPublisherTests.swift; sourceTree = "<group>"; };
		8E6FB2404CFB46518AF12A34 /* LaunchScreen.storyboard */ = {isa = PBXFileReference; lastKnownFileType = file.storyboard; path = LaunchScreen.storyboard; sourceTree = "<group>"; };
		71D9F8594AC862ED7A307F3B /* SurfAceANSI.swift */ = {isa = PBXFileReference; lastKnownFileType = sourcecode.swift; path = SurfAceANSI.swift; sourceTree = "<group>"; };
		7492DB245E3F5CC7F5C167D7 /* SurfAceBonjourPublisher.swift */ = {isa = PBXFileReference; lastKnownFileType = sourcecode.swift; path = SurfAceBonjourPublisher.swift; sourceTree = "<group>"; };
		AAE8EE944BF4E02E52D2FF6A /* SurfAceHTTPServer.swift */ = {isa = PBXFileReference; lastKnownFileType = sourcecode.swift; path = SurfAceHTTPServer.swift; sourceTree = "<group>"; };
		B686887B1553129CAEF435A0 /* SurfAceSurfaceTopologyPersistenceTests.swift */ = {isa = PBXFileReference; lastKnownFileType = sourcecode.swift; path = SurfAceSurfaceTopologyPersistenceTests.swift; sourceTree = "<group>"; };
		C230CE2F392C57A940FD796E /* SurfAceModels.swift */ = {isa = PBXFileReference; lastKnownFileType = sourcecode.swift; path = SurfAceModels.swift; sourceTree = "<group>"; };
		DA0B8CE0B10CC8BE7F94EC21 /* SurfAce.app */ = {isa = PBXFileReference; includeInIndex = 0; lastKnownFileType = wrapper.application; path = SurfAce.app; sourceTree = BUILT_PRODUCTS_DIR; };
		E1026649686E370A8442CA40 /* SurfAceTests.xctest */ = {isa = PBXFileReference; includeInIndex = 0; lastKnownFileType = wrapper.cfbundle; path = SurfAceTests.xctest; sourceTree = BUILT_PRODUCTS_DIR; };
		E4B325903F9DF85A2A43F894 /* SurfAceRuntime.swift */ = {isa = PBXFileReference; lastKnownFileType = sourcecode.swift; path = SurfAceRuntime.swift; sourceTree = "<group>"; };
		F2784DA9AA6EDF0F02BA9D4A /* SurfAceApp.swift */ = {isa = PBXFileReference; lastKnownFileType = sourcecode.swift; path = SurfAceApp.swift; sourceTree = "<group>"; };
/* End PBXFileReference section */

/* Begin PBXGroup section */
		12C64D57C62E67BEC852AF24 = {
			isa = PBXGroup;
			children = (
				4CF5D060294BE463D8CACA33 /* SurfAce */,
				6897A8D003370E2CC8B694CB /* SurfAceTests */,
				EE59F87F57539D75E6853D10 /* Products */,
			);
			sourceTree = "<group>";
		};
		4CF5D060294BE463D8CACA33 /* SurfAce */ = {
			isa = PBXGroup;
			children = (
				2A8249A9765412039C07EDD5 /* Assets.xcassets */,
				1A4F6B9C2D7E8F9012345675 /* Fonts */,
				8E6FB2404CFB46518AF12A34 /* LaunchScreen.storyboard */,
				71D9F8594AC862ED7A307F3B /* SurfAceANSI.swift */,
				F2784DA9AA6EDF0F02BA9D4A /* SurfAceApp.swift */,
				7492DB245E3F5CC7F5C167D7 /* SurfAceBonjourPublisher.swift */,
				AAE8EE944BF4E02E52D2FF6A /* SurfAceHTTPServer.swift */,
				314635F00EEBB824B28F7975 /* SurfAceIdentityStore.swift */,
				C230CE2F392C57A940FD796E /* SurfAceModels.swift */,
				E4B325903F9DF85A2A43F894 /* SurfAceRuntime.swift */,
				4DB2FB59A2CE6B12EA9C8DFC /* SurfAceSurfaceView.swift */,
			);
			path = SurfAce;
			sourceTree = "<group>";
		};
		1A4F6B9C2D7E8F9012345675 /* Fonts */ = {
			isa = PBXGroup;
			children = (
				1A4F6B9C2D7E8F9012345676 /* ShareTechMono-Regular.ttf */,
				1A4F6B9C2D7E8F9012345677 /* OFL-ShareTechMono.txt */,
			);
			path = Fonts;
			sourceTree = "<group>";
		};
		6897A8D003370E2CC8B694CB /* SurfAceTests */ = {
			isa = PBXGroup;
			children = (
				856099927C9D1E8B57CB1A1D /* SurfAceBonjourPublisherTests.swift */,
				176B99B74BDA8681EC051935 /* SurfAceHTTPServerTests.swift */,
				2F01C4F32B42A75F5F038A8E /* SurfAceViewportPreservationTests.swift */,
				B686887B1553129CAEF435A0 /* SurfAceSurfaceTopologyPersistenceTests.swift */,
			);
			path = SurfAceTests;
			sourceTree = "<group>";
		};
		EE59F87F57539D75E6853D10 /* Products */ = {
			isa = PBXGroup;
			children = (
				DA0B8CE0B10CC8BE7F94EC21 /* SurfAce.app */,
				E1026649686E370A8442CA40 /* SurfAceTests.xctest */,
			);
			name = Products;
			sourceTree = "<group>";
		};
/* End PBXGroup section */

/* Begin PBXNativeTarget section */
		67A9D8D88698454C7C5A7802 /* SurfAceTests */ = {
			isa = PBXNativeTarget;
			buildConfigurationList = 8844C2C5F00C007C81697FD5 /* Build configuration list for PBXNativeTarget "SurfAceTests" */;
			buildPhases = (
				2CE0AE1F202FC9159047705E /* Sources */,
			);
			buildRules = (
			);
			dependencies = (
				939CAD971356B56D4A53BD0E /* PBXTargetDependency */,
			);
			name = SurfAceTests;
			packageProductDependencies = (
			);
			productName = SurfAceTests;
			productReference = E1026649686E370A8442CA40 /* SurfAceTests.xctest */;
			productType = "com.apple.product-type.bundle.unit-test";
		};
		E78D6E7B48D8F200079A1C31 /* SurfAce */ = {
			isa = PBXNativeTarget;
			buildConfigurationList = 2372B8D345411B55D131DE6B /* Build configuration list for PBXNativeTarget "SurfAce" */;
			buildPhases = (
				CFFA189DF77DAD2A89023AC6 /* Sources */,
				344BB1E1E5914D9B8845BCF7 /* Resources */,
			);
			buildRules = (
			);
			dependencies = (
			);
			name = SurfAce;
			packageProductDependencies = (
			);
			productName = SurfAce;
			productReference = DA0B8CE0B10CC8BE7F94EC21 /* SurfAce.app */;
			productType = "com.apple.product-type.application";
		};
/* End PBXNativeTarget section */

/* Begin PBXProject section */
		27A23E2B5424EC1D613A125D /* Project object */ = {
			isa = PBXProject;
			attributes = {
				BuildIndependentTargetsInParallel = YES;
				LastUpgradeCheck = 1430;
				TargetAttributes = {
					67A9D8D88698454C7C5A7802 = {
						DevelopmentTeam = "";
					};
					E78D6E7B48D8F200079A1C31 = {
						DevelopmentTeam = "";
						ProvisioningStyle = Automatic;
					};
				};
			};
			buildConfigurationList = 1AF7DA2C5103745993957DB9 /* Build configuration list for PBXProject "SurfAce" */;
			compatibilityVersion = "Xcode 14.0";
			developmentRegion = en;
			hasScannedForEncodings = 0;
			knownRegions = (
				Base,
				en,
			);
			mainGroup = 12C64D57C62E67BEC852AF24;
			minimizedProjectReferenceProxies = 1;
			preferredProjectObjectVersion = 77;
			projectDirPath = "";
			projectRoot = "";
			targets = (
				E78D6E7B48D8F200079A1C31 /* SurfAce */,
				67A9D8D88698454C7C5A7802 /* SurfAceTests */,
			);
		};
/* End PBXProject section */

/* Begin PBXResourcesBuildPhase section */
		344BB1E1E5914D9B8845BCF7 /* Resources */ = {
			isa = PBXResourcesBuildPhase;
			buildActionMask = 2147483647;
			files = (
				13EF6FFC169CB6EDFF47597E /* Assets.xcassets in Resources */,
				1A4F6B9C2D7E8F9012345678 /* ShareTechMono-Regular.ttf in Resources */,
				1A4F6B9C2D7E8F9012345679 /* OFL-ShareTechMono.txt in Resources */,
				8E6FB2414CFB46518AF12A34 /* LaunchScreen.storyboard in Resources */,
			);
			runOnlyForDeploymentPostprocessing = 0;
		};
/* End PBXResourcesBuildPhase section */

/* Begin PBXSourcesBuildPhase section */
		2CE0AE1F202FC9159047705E /* Sources */ = {
			isa = PBXSourcesBuildPhase;
			buildActionMask = 2147483647;
			files = (
				4A276F1C4C06E696FCA8D872 /* SurfAceBonjourPublisherTests.swift in Sources */,
				B8B3B9200301ABE819FC7EEF /* SurfAceHTTPServerTests.swift in Sources */,
				2F01C4F42B42A75F5F038A8E /* SurfAceViewportPreservationTests.swift in Sources */,
				72B46388216FEB0A75BE1771 /* SurfAceSurfaceTopologyPersistenceTests.swift in Sources */,
			);
			runOnlyForDeploymentPostprocessing = 0;
		};
		CFFA189DF77DAD2A89023AC6 /* Sources */ = {
			isa = PBXSourcesBuildPhase;
			buildActionMask = 2147483647;
			files = (
				1FFF04D1B747F5A964BC374B /* SurfAceANSI.swift in Sources */,
				AB13C11EA76DDA755EEEED0A /* SurfAceApp.swift in Sources */,
				7440C200D139A9CDEB4071DA /* SurfAceBonjourPublisher.swift in Sources */,
				E2B2E9631F0835BD39E2B839 /* SurfAceHTTPServer.swift in Sources */,
				D615F803FC49278657471A62 /* SurfAceIdentityStore.swift in Sources */,
				5964DDDD0A9B7A881AECDA0C /* SurfAceModels.swift in Sources */,
				6661F25504963451BE3CE25C /* SurfAceRuntime.swift in Sources */,
				78FE925CC623EE70BD36510C /* SurfAceSurfaceView.swift in Sources */,
			);
			runOnlyForDeploymentPostprocessing = 0;
		};
/* End PBXSourcesBuildPhase section */

/* Begin PBXTargetDependency section */
		939CAD971356B56D4A53BD0E /* PBXTargetDependency */ = {
			isa = PBXTargetDependency;
			target = E78D6E7B48D8F200079A1C31 /* SurfAce */;
			targetProxy = 1DB5F752E8413BF0CF2234E7 /* PBXContainerItemProxy */;
		};
/* End PBXTargetDependency section */

/* Begin XCBuildConfiguration section */
		0F78BF2A3D58CDFA37F20E28 /* Debug */ = {
			isa = XCBuildConfiguration;
			buildSettings = {
				BUNDLE_LOADER = "$(TEST_HOST)";
				GENERATE_INFOPLIST_FILE = YES;
				LD_RUNPATH_SEARCH_PATHS = (
					"$(inherited)",
					"@executable_path/Frameworks",
					"@loader_path/Frameworks",
				);
				PRODUCT_BUNDLE_IDENTIFIER = co.clicketyclacks.SurfAceTests;
				SDKROOT = iphoneos;
				TARGETED_DEVICE_FAMILY = "1,2";
				TEST_HOST = "$(BUILT_PRODUCTS_DIR)/SurfAce.app/SurfAce";
			};
			name = Debug;
		};
		3369AE2D0B7D3366E43DA82B /* Debug */ = {
			isa = XCBuildConfiguration;
			buildSettings = {
				ALWAYS_SEARCH_USER_PATHS = NO;
				CLANG_ANALYZER_NONNULL = YES;
				CLANG_ANALYZER_NUMBER_OBJECT_CONVERSION = YES_AGGRESSIVE;
				CLANG_CXX_LANGUAGE_STANDARD = "gnu++14";
				CLANG_CXX_LIBRARY = "libc++";
				CLANG_ENABLE_MODULES = YES;
				CLANG_ENABLE_OBJC_ARC = YES;
				CLANG_ENABLE_OBJC_WEAK = YES;
				CLANG_WARN_BLOCK_CAPTURE_AUTORELEASING = YES;
				CLANG_WARN_BOOL_CONVERSION = YES;
				CLANG_WARN_COMMA = YES;
				CLANG_WARN_CONSTANT_CONVERSION = YES;
				CLANG_WARN_DEPRECATED_OBJC_IMPLEMENTATIONS = YES;
				CLANG_WARN_DIRECT_OBJC_ISA_USAGE = YES_ERROR;
				CLANG_WARN_DOCUMENTATION_COMMENTS = YES;
				CLANG_WARN_EMPTY_BODY = YES;
				CLANG_WARN_ENUM_CONVERSION = YES;
				CLANG_WARN_INFINITE_RECURSION = YES;
				CLANG_WARN_INT_CONVERSION = YES;
				CLANG_WARN_NON_LITERAL_NULL_CONVERSION = YES;
				CLANG_WARN_OBJC_IMPLICIT_RETAIN_SELF = YES;
				CLANG_WARN_OBJC_LITERAL_CONVERSION = YES;
				CLANG_WARN_OBJC_ROOT_CLASS = YES_ERROR;
				CLANG_WARN_QUOTED_INCLUDE_IN_FRAMEWORK_HEADER = YES;
				CLANG_WARN_RANGE_LOOP_ANALYSIS = YES;
				CLANG_WARN_STRICT_PROTOTYPES = YES;
				CLANG_WARN_SUSPICIOUS_MOVE = YES;
				CLANG_WARN_UNGUARDED_AVAILABILITY = YES_AGGRESSIVE;
				CLANG_WARN_UNREACHABLE_CODE = YES;
				CLANG_WARN__DUPLICATE_METHOD_MATCH = YES;
				COPY_PHASE_STRIP = NO;
				DEBUG_INFORMATION_FORMAT = dwarf;
				DEVELOPMENT_TEAM = Z7R59J7QV8;
				ENABLE_STRICT_OBJC_MSGSEND = YES;
				ENABLE_TESTABILITY = YES;
				GCC_C_LANGUAGE_STANDARD = gnu11;
				GCC_DYNAMIC_NO_PIC = NO;
				GCC_NO_COMMON_BLOCKS = YES;
				GCC_OPTIMIZATION_LEVEL = 0;
				GCC_PREPROCESSOR_DEFINITIONS = (
					"$(inherited)",
					"DEBUG=1",
				);
				GCC_WARN_64_TO_32_BIT_CONVERSION = YES;
				GCC_WARN_ABOUT_RETURN_TYPE = YES_ERROR;
				GCC_WARN_UNDECLARED_SELECTOR = YES;
				GCC_WARN_UNINITIALIZED_AUTOS = YES_AGGRESSIVE;
				GCC_WARN_UNUSED_FUNCTION = YES;
				GCC_WARN_UNUSED_VARIABLE = YES;
				IPHONEOS_DEPLOYMENT_TARGET = 26.0;
				MTL_ENABLE_DEBUG_INFO = INCLUDE_SOURCE;
				MTL_FAST_MATH = YES;
				ONLY_ACTIVE_ARCH = YES;
				PRODUCT_NAME = "$(TARGET_NAME)";
				SDKROOT = iphoneos;
				SUPPORTS_MACCATALYST = NO;
				SWIFT_ACTIVE_COMPILATION_CONDITIONS = DEBUG;
				SWIFT_OPTIMIZATION_LEVEL = "-Onone";
				SWIFT_VERSION = 6.0;
				TARGETED_DEVICE_FAMILY = "1,2";
			};
			name = Debug;
		};
		42DE4C0A4EF62197BC705AF9 /* Release */ = {
			isa = XCBuildConfiguration;
			buildSettings = {
				ASSETCATALOG_COMPILER_APPICON_NAME = AppIcon;
				CODE_SIGN_IDENTITY = "iPhone Developer";
				CODE_SIGN_STYLE = Automatic;
				CURRENT_PROJECT_VERSION = 16;
				GENERATE_INFOPLIST_FILE = NO;
				INFOPLIST_FILE = SurfAce/Info.plist;
				LD_RUNPATH_SEARCH_PATHS = (
					"$(inherited)",
					"@executable_path/Frameworks",
				);
				MARKETING_VERSION = 0.1.0;
				PRODUCT_BUNDLE_IDENTIFIER = co.clicketyclacks.SurfAce;
				PRODUCT_NAME = SurfAce;
				SDKROOT = iphoneos;
				TARGETED_DEVICE_FAMILY = "1,2";
			};
			name = Release;
		};
		525D5BC0F761FF714D8B9655 /* Release */ = {
			isa = XCBuildConfiguration;
			buildSettings = {
				ALWAYS_SEARCH_USER_PATHS = NO;
				CLANG_ANALYZER_NONNULL = YES;
				CLANG_ANALYZER_NUMBER_OBJECT_CONVERSION = YES_AGGRESSIVE;
				CLANG_CXX_LANGUAGE_STANDARD = "gnu++14";
				CLANG_CXX_LIBRARY = "libc++";
				CLANG_ENABLE_MODULES = YES;
				CLANG_ENABLE_OBJC_ARC = YES;
				CLANG_ENABLE_OBJC_WEAK = YES;
				CLANG_WARN_BLOCK_CAPTURE_AUTORELEASING = YES;
				CLANG_WARN_BOOL_CONVERSION = YES;
				CLANG_WARN_COMMA = YES;
				CLANG_WARN_CONSTANT_CONVERSION = YES;
				CLANG_WARN_DEPRECATED_OBJC_IMPLEMENTATIONS = YES;
				CLANG_WARN_DIRECT_OBJC_ISA_USAGE = YES_ERROR;
				CLANG_WARN_DOCUMENTATION_COMMENTS = YES;
				CLANG_WARN_EMPTY_BODY = YES;
				CLANG_WARN_ENUM_CONVERSION = YES;
				CLANG_WARN_INFINITE_RECURSION = YES;
				CLANG_WARN_INT_CONVERSION = YES;
				CLANG_WARN_NON_LITERAL_NULL_CONVERSION = YES;
				CLANG_WARN_OBJC_IMPLICIT_RETAIN_SELF = YES;
				CLANG_WARN_OBJC_LITERAL_CONVERSION = YES;
				CLANG_WARN_OBJC_ROOT_CLASS = YES_ERROR;
				CLANG_WARN_QUOTED_INCLUDE_IN_FRAMEWORK_HEADER = YES;
				CLANG_WARN_RANGE_LOOP_ANALYSIS = YES;
				CLANG_WARN_STRICT_PROTOTYPES = YES;
				CLANG_WARN_SUSPICIOUS_MOVE = YES;
				CLANG_WARN_UNGUARDED_AVAILABILITY = YES_AGGRESSIVE;
				CLANG_WARN_UNREACHABLE_CODE = YES;
				CLANG_WARN__DUPLICATE_METHOD_MATCH = YES;
				COPY_PHASE_STRIP = NO;
				DEBUG_INFORMATION_FORMAT = "dwarf-with-dsym";
				DEVELOPMENT_TEAM = Z7R59J7QV8;
				ENABLE_NS_ASSERTIONS = NO;
				ENABLE_STRICT_OBJC_MSGSEND = YES;
				GCC_C_LANGUAGE_STANDARD = gnu11;
				GCC_NO_COMMON_BLOCKS = YES;
				GCC_WARN_64_TO_32_BIT_CONVERSION = YES;
				GCC_WARN_ABOUT_RETURN_TYPE = YES_ERROR;
				GCC_WARN_UNDECLARED_SELECTOR = YES;
				GCC_WARN_UNINITIALIZED_AUTOS = YES_AGGRESSIVE;
				GCC_WARN_UNUSED_FUNCTION = YES;
				GCC_WARN_UNUSED_VARIABLE = YES;
				IPHONEOS_DEPLOYMENT_TARGET = 26.0;
				MTL_ENABLE_DEBUG_INFO = NO;
				MTL_FAST_MATH = YES;
				PRODUCT_NAME = "$(TARGET_NAME)";
				SDKROOT = iphoneos;
				SUPPORTS_MACCATALYST = NO;
				SWIFT_COMPILATION_MODE = wholemodule;
				SWIFT_OPTIMIZATION_LEVEL = "-O";
				SWIFT_VERSION = 6.0;
				TARGETED_DEVICE_FAMILY = "1,2";
			};
			name = Release;
		};
		6202D685367E778C29D13B85 /* Release */ = {
			isa = XCBuildConfiguration;
			buildSettings = {
				BUNDLE_LOADER = "$(TEST_HOST)";
				GENERATE_INFOPLIST_FILE = YES;
				LD_RUNPATH_SEARCH_PATHS = (
					"$(inherited)",
					"@executable_path/Frameworks",
					"@loader_path/Frameworks",
				);
				PRODUCT_BUNDLE_IDENTIFIER = co.clicketyclacks.SurfAceTests;
				SDKROOT = iphoneos;
				TARGETED_DEVICE_FAMILY = "1,2";
				TEST_HOST = "$(BUILT_PRODUCTS_DIR)/SurfAce.app/SurfAce";
			};
			name = Release;
		};
		DB1806C9953B7D8945A08618 /* Debug */ = {
			isa = XCBuildConfiguration;
			buildSettings = {
				ASSETCATALOG_COMPILER_APPICON_NAME = AppIcon;
				CODE_SIGN_IDENTITY = "iPhone Developer";
				CODE_SIGN_STYLE = Automatic;
				CURRENT_PROJECT_VERSION = 16;
				GENERATE_INFOPLIST_FILE = NO;
				INFOPLIST_FILE = SurfAce/Info.plist;
				LD_RUNPATH_SEARCH_PATHS = (
					"$(inherited)",
					"@executable_path/Frameworks",
				);
				MARKETING_VERSION = 0.1.0;
				PRODUCT_BUNDLE_IDENTIFIER = co.clicketyclacks.SurfAce;
				PRODUCT_NAME = SurfAce;
				SDKROOT = iphoneos;
				TARGETED_DEVICE_FAMILY = "1,2";
			};
			name = Debug;
		};
/* End XCBuildConfiguration section */

/* Begin XCConfigurationList section */
		1AF7DA2C5103745993957DB9 /* Build configuration list for PBXProject "SurfAce" */ = {
			isa = XCConfigurationList;
			buildConfigurations = (
				3369AE2D0B7D3366E43DA82B /* Debug */,
				525D5BC0F761FF714D8B9655 /* Release */,
			);
			defaultConfigurationIsVisible = 0;
			defaultConfigurationName = Debug;
		};
		2372B8D345411B55D131DE6B /* Build configuration list for PBXNativeTarget "SurfAce" */ = {
			isa = XCConfigurationList;
			buildConfigurations = (
				DB1806C9953B7D8945A08618 /* Debug */,
				42DE4C0A4EF62197BC705AF9 /* Release */,
			);
			defaultConfigurationIsVisible = 0;
			defaultConfigurationName = Debug;
		};
		8844C2C5F00C007C81697FD5 /* Build configuration list for PBXNativeTarget "SurfAceTests" */ = {
			isa = XCConfigurationList;
			buildConfigurations = (
				0F78BF2A3D58CDFA37F20E28 /* Debug */,
				6202D685367E778C29D13B85 /* Release */,
			);
			defaultConfigurationIsVisible = 0;
			defaultConfigurationName = Debug;
		};
/* End XCConfigurationList section */
	};
	rootObject = 27A23E2B5424EC1D613A125D /* Project object */;
}
